
Microsoft Visual Studio Solution File, Format Version 12.00
# Visual Studio Version 17
VisualStudioVersion = 17.4.33213.308
MinimumVisualStudioVersion = 10.0.40219.1
Project("{54A90642-561A-4BB1-A94E-469ADEE60C69}") = "SpaPersonalJournal", "SpaPersonalJournal.esproj", "{751F4C24-7CDA-40B9-A601-F26A6DE68A04}"
EndProject
Global
	GlobalSection(SolutionConfigurationPlatforms) = preSolution
		Debug|Any CPU = Debug|Any CPU
		Release|Any CPU = Release|Any CPU
	EndGlobalSection
	GlobalSection(ProjectConfigurationPlatforms) = postSolution
		{751F4C24-7CDA-40B9-A601-F26A6DE68A04}.Debug|Any CPU.ActiveCfg = Debug|Any CPU
		{751F4C24-7CDA-40B9-A601-F26A6DE68A04}.Debug|Any CPU.Build.0 = Debug|Any CPU
		{751F4C24-7CDA-40B9-A601-F26A6DE68A04}.Debug|Any CPU.Deploy.0 = Debug|Any CPU
		{751F4C24-7CDA-40B9-A601-F26A6DE68A04}.Release|Any CPU.ActiveCfg = Release|Any CPU
		{751F4C24-7CDA-40B9-A601-F26A6DE68A04}.Release|Any CPU.Build.0 = Release|Any CPU
		{751F4C24-7CDA-40B9-A601-F26A6DE68A04}.Release|Any CPU.Deploy.0 = Release|Any CPU
	EndGlobalSection
	GlobalSection(SolutionProperties) = preSolution
		HideSolutionNode = FALSE
	EndGlobalSection
	GlobalSection(ExtensibilityGlobals) = postSolution
		SolutionGuid = {03151DCB-7444-4D84-82D2-013588CB4274}
	EndGlobalSection
EndGlobal
